uuid: 574fc441-0638-4066-88fd-18540a4a55d6
langcode: en
status: true
dependencies:
  module:
    - dev_aubrie
  theme:
    - themekit
id: testblock
theme: themekit
region: content
weight: -1
provider: null
plugin: test_block
settings:
  id: test_block
  label: 'Test block'
  provider: dev_aubrie
  label_display: visible
visibility: {  }
